
Microsoft Visual Studio Solution File, Format Version 12.00
# Visual Studio Version 16
VisualStudioVersion = 16.0.30406.217
MinimumVisualStudioVersion = 10.0.40219.1
Project("{FAE04EC0-301F-11D3-BF4B-00C04F79EFBC}") = "lab4_sgbd", "lab4_sgbd\lab4_sgbd.csproj", "{0CF6B014-2078-4537-BAA1-823ABF6344E9}"
EndProject
Global
	GlobalSection(SolutionConfigurationPlatforms) = preSolution
		Debug|Any CPU = Debug|Any CPU
		Release|Any CPU = Release|Any CPU
	EndGlobalSection
	GlobalSection(ProjectConfigurationPlatforms) = postSolution
		{0CF6B014-2078-4537-BAA1-823ABF6344E9}.Debug|Any CPU.ActiveCfg = Debug|Any CPU
		{0CF6B014-2078-4537-BAA1-823ABF6344E9}.Debug|Any CPU.Build.0 = Debug|Any CPU
		{0CF6B014-2078-4537-BAA1-823ABF6344E9}.Release|Any CPU.ActiveCfg = Release|Any CPU
		{0CF6B014-2078-4537-BAA1-823ABF6344E9}.Release|Any CPU.Build.0 = Release|Any CPU
	EndGlobalSection
	GlobalSection(SolutionProperties) = preSolution
		HideSolutionNode = FALSE
	EndGlobalSection
	GlobalSection(ExtensibilityGlobals) = postSolution
		SolutionGuid = {485FB779-9280-4E67-8FFC-0A968B72768C}
	EndGlobalSection
EndGlobal
