
Microsoft Visual Studio Solution File, Format Version 12.00
# Visual Studio Version 16
VisualStudioVersion = 16.0.30406.217
MinimumVisualStudioVersion = 10.0.40219.1
Project("{FAE04EC0-301F-11D3-BF4B-00C04F79EFBC}") = "lab1_tema", "lab1_tema\lab1_tema.csproj", "{09C7F05A-0667-4104-88F3-36EA5C98C18E}"
EndProject
Global
	GlobalSection(SolutionConfigurationPlatforms) = preSolution
		Debug|Any CPU = Debug|Any CPU
		Release|Any CPU = Release|Any CPU
	EndGlobalSection
	GlobalSection(ProjectConfigurationPlatforms) = postSolution
		{09C7F05A-0667-4104-88F3-36EA5C98C18E}.Debug|Any CPU.ActiveCfg = Debug|Any CPU
		{09C7F05A-0667-4104-88F3-36EA5C98C18E}.Debug|Any CPU.Build.0 = Debug|Any CPU
		{09C7F05A-0667-4104-88F3-36EA5C98C18E}.Release|Any CPU.ActiveCfg = Release|Any CPU
		{09C7F05A-0667-4104-88F3-36EA5C98C18E}.Release|Any CPU.Build.0 = Release|Any CPU
	EndGlobalSection
	GlobalSection(SolutionProperties) = preSolution
		HideSolutionNode = FALSE
	EndGlobalSection
	GlobalSection(ExtensibilityGlobals) = postSolution
		SolutionGuid = {1F075A7A-6EA7-4E80-91DD-34B10A6256AA}
	EndGlobalSection
EndGlobal
