
Microsoft Visual Studio Solution File, Format Version 12.00
Project("{FAE04EC0-301F-11D3-BF4B-00C04F79EFBC}") = "lastLab", "lastLab\lastLab.csproj", "{4AB74B47-FA09-4B58-A2BC-542B80EE8A0F}"
EndProject
Global
	GlobalSection(SolutionConfigurationPlatforms) = preSolution
		Debug|Any CPU = Debug|Any CPU
		Release|Any CPU = Release|Any CPU
	EndGlobalSection
	GlobalSection(ProjectConfigurationPlatforms) = postSolution
		{4AB74B47-FA09-4B58-A2BC-542B80EE8A0F}.Debug|Any CPU.ActiveCfg = Debug|Any CPU
		{4AB74B47-FA09-4B58-A2BC-542B80EE8A0F}.Debug|Any CPU.Build.0 = Debug|Any CPU
		{4AB74B47-FA09-4B58-A2BC-542B80EE8A0F}.Release|Any CPU.ActiveCfg = Release|Any CPU
		{4AB74B47-FA09-4B58-A2BC-542B80EE8A0F}.Release|Any CPU.Build.0 = Release|Any CPU
	EndGlobalSection
EndGlobal
