
Microsoft Visual Studio Solution File, Format Version 12.00
# Visual Studio Version 16
VisualStudioVersion = 16.0.30406.217
MinimumVisualStudioVersion = 10.0.40219.1
Project("{FAE04EC0-301F-11D3-BF4B-00C04F79EFBC}") = "model", "model\model.csproj", "{F526FA9A-7430-4D9A-A0D5-E99CEEC17459}"
EndProject
Project("{FAE04EC0-301F-11D3-BF4B-00C04F79EFBC}") = "services", "services\services.csproj", "{2A8ED1C0-E829-45BD-9B24-91960B32A1BB}"
EndProject
Project("{FAE04EC0-301F-11D3-BF4B-00C04F79EFBC}") = "persistence", "persistence\persistence.csproj", "{83100121-B173-4426-800B-4A0A1C054418}"
EndProject
Project("{FAE04EC0-301F-11D3-BF4B-00C04F79EFBC}") = "networking", "networking\networking.csproj", "{142E6A7F-2E15-4126-99C0-509B3C287092}"
EndProject
Project("{FAE04EC0-301F-11D3-BF4B-00C04F79EFBC}") = "server", "server\server.csproj", "{F9B2F15E-7160-462B-8D50-636AA385F7BF}"
EndProject
Project("{FAE04EC0-301F-11D3-BF4B-00C04F79EFBC}") = "client", "client\client.csproj", "{C17941AC-F9CD-42C5-B5F8-9B9BDF4B23E4}"
EndProject
<<<<<<< HEAD
Project("{FAE04EC0-301F-11D3-BF4B-00C04F79EFBC}") = "rest-client", "test\rest-client.csproj", "{85DECB1A-350E-4876-8FA8-433FFBBC5320}"
EndProject
Project("{FAE04EC0-301F-11D3-BF4B-00C04F79EFBC}") = "RestClient", "RestClient\RestClient.csproj", "{D7F2A59E-6D37-4249-AC90-73CB8EB62D16}"
EndProject
=======
>>>>>>> main
Global
	GlobalSection(SolutionConfigurationPlatforms) = preSolution
		Debug|Any CPU = Debug|Any CPU
		Release|Any CPU = Release|Any CPU
	EndGlobalSection
	GlobalSection(ProjectConfigurationPlatforms) = postSolution
		{F526FA9A-7430-4D9A-A0D5-E99CEEC17459}.Debug|Any CPU.ActiveCfg = Debug|Any CPU
		{F526FA9A-7430-4D9A-A0D5-E99CEEC17459}.Debug|Any CPU.Build.0 = Debug|Any CPU
		{F526FA9A-7430-4D9A-A0D5-E99CEEC17459}.Release|Any CPU.ActiveCfg = Release|Any CPU
		{F526FA9A-7430-4D9A-A0D5-E99CEEC17459}.Release|Any CPU.Build.0 = Release|Any CPU
		{2A8ED1C0-E829-45BD-9B24-91960B32A1BB}.Debug|Any CPU.ActiveCfg = Debug|Any CPU
		{2A8ED1C0-E829-45BD-9B24-91960B32A1BB}.Debug|Any CPU.Build.0 = Debug|Any CPU
		{2A8ED1C0-E829-45BD-9B24-91960B32A1BB}.Release|Any CPU.ActiveCfg = Release|Any CPU
		{2A8ED1C0-E829-45BD-9B24-91960B32A1BB}.Release|Any CPU.Build.0 = Release|Any CPU
		{83100121-B173-4426-800B-4A0A1C054418}.Debug|Any CPU.ActiveCfg = Debug|Any CPU
		{83100121-B173-4426-800B-4A0A1C054418}.Debug|Any CPU.Build.0 = Debug|Any CPU
		{83100121-B173-4426-800B-4A0A1C054418}.Release|Any CPU.ActiveCfg = Release|Any CPU
		{83100121-B173-4426-800B-4A0A1C054418}.Release|Any CPU.Build.0 = Release|Any CPU
		{142E6A7F-2E15-4126-99C0-509B3C287092}.Debug|Any CPU.ActiveCfg = Debug|Any CPU
		{142E6A7F-2E15-4126-99C0-509B3C287092}.Debug|Any CPU.Build.0 = Debug|Any CPU
		{142E6A7F-2E15-4126-99C0-509B3C287092}.Release|Any CPU.ActiveCfg = Release|Any CPU
		{142E6A7F-2E15-4126-99C0-509B3C287092}.Release|Any CPU.Build.0 = Release|Any CPU
		{F9B2F15E-7160-462B-8D50-636AA385F7BF}.Debug|Any CPU.ActiveCfg = Debug|Any CPU
		{F9B2F15E-7160-462B-8D50-636AA385F7BF}.Debug|Any CPU.Build.0 = Debug|Any CPU
		{F9B2F15E-7160-462B-8D50-636AA385F7BF}.Release|Any CPU.ActiveCfg = Release|Any CPU
		{F9B2F15E-7160-462B-8D50-636AA385F7BF}.Release|Any CPU.Build.0 = Release|Any CPU
		{C17941AC-F9CD-42C5-B5F8-9B9BDF4B23E4}.Debug|Any CPU.ActiveCfg = Debug|Any CPU
		{C17941AC-F9CD-42C5-B5F8-9B9BDF4B23E4}.Debug|Any CPU.Build.0 = Debug|Any CPU
		{C17941AC-F9CD-42C5-B5F8-9B9BDF4B23E4}.Release|Any CPU.ActiveCfg = Release|Any CPU
		{C17941AC-F9CD-42C5-B5F8-9B9BDF4B23E4}.Release|Any CPU.Build.0 = Release|Any CPU
<<<<<<< HEAD
		{85DECB1A-350E-4876-8FA8-433FFBBC5320}.Debug|Any CPU.ActiveCfg = Debug|Any CPU
		{85DECB1A-350E-4876-8FA8-433FFBBC5320}.Debug|Any CPU.Build.0 = Debug|Any CPU
		{85DECB1A-350E-4876-8FA8-433FFBBC5320}.Release|Any CPU.ActiveCfg = Release|Any CPU
		{85DECB1A-350E-4876-8FA8-433FFBBC5320}.Release|Any CPU.Build.0 = Release|Any CPU
		{D7F2A59E-6D37-4249-AC90-73CB8EB62D16}.Debug|Any CPU.ActiveCfg = Debug|Any CPU
		{D7F2A59E-6D37-4249-AC90-73CB8EB62D16}.Debug|Any CPU.Build.0 = Debug|Any CPU
		{D7F2A59E-6D37-4249-AC90-73CB8EB62D16}.Release|Any CPU.ActiveCfg = Release|Any CPU
		{D7F2A59E-6D37-4249-AC90-73CB8EB62D16}.Release|Any CPU.Build.0 = Release|Any CPU
=======
>>>>>>> main
	EndGlobalSection
	GlobalSection(SolutionProperties) = preSolution
		HideSolutionNode = FALSE
	EndGlobalSection
	GlobalSection(ExtensibilityGlobals) = postSolution
		SolutionGuid = {9F371C78-D45B-42E0-8D87-77E927DA4FFC}
	EndGlobalSection
EndGlobal
